
Microsoft Visual Studio Solution File, Format Version 12.00
# Visual Studio 2015
Project("{FAE04EC0-301F-11D3-BF4B-00C04F79EFBC}") = "Badkip.CSharp", "Badkip.CSharp.csproj", "{D9DD7E0F-E149-FEBD-485E-401E96A0E55C}"
EndProject
Global
	GlobalSection(SolutionConfigurationPlatforms) = preSolution
		Debug|Any CPU = Debug|Any CPU
		Release|Any CPU = Release|Any CPU
	EndGlobalSection
	GlobalSection(ProjectConfigurationPlatforms) = postSolution
		{D9DD7E0F-E149-FEBD-485E-401E96A0E55C}.Debug|Any CPU.ActiveCfg = Debug|Any CPU
		{D9DD7E0F-E149-FEBD-485E-401E96A0E55C}.Debug|Any CPU.Build.0 = Debug|Any CPU
		{D9DD7E0F-E149-FEBD-485E-401E96A0E55C}.Release|Any CPU.ActiveCfg = Release|Any CPU
		{D9DD7E0F-E149-FEBD-485E-401E96A0E55C}.Release|Any CPU.Build.0 = Release|Any CPU
	EndGlobalSection
	GlobalSection(SolutionProperties) = preSolution
		HideSolutionNode = FALSE
	EndGlobalSection
EndGlobal
